{
    "_readme": [
        "This file locks the dependencies of your project to a known state",
        "Read more about it at https://getcomposer.org/doc/01-basic-usage.md#installing-dependencies",
        "This file is @generated automatically"
    ],
    "content-hash": "2a39e592fd6724cd3f776f882946931f",
    "packages": [
        {
            "name": "mossadal/math-parser",
            "version": "v1.3.13",
            "source": {
                "type": "git",
                "url": "https://github.com/mossadal/math-parser.git",
                "reference": "5341fedeb4771e155890acccaafa6434836b5628"
            },
            "dist": {
                "type": "zip",
                "url": "https://api.github.com/repos/mossadal/math-parser/zipball/5341fedeb4771e155890acccaafa6434836b5628",
                "reference": "5341fedeb4771e155890acccaafa6434836b5628",
                "shasum": ""
            },
            "require": {
                "php": ">=5.4.0"
            },
            "require-dev": {
                "phpdocumentor/phpdocumentor": "2.*",
                "phpunit/php-code-coverage": "~3",
                "phpunit/phpunit": "5.1.*"
            },
            "type": "library",
            "autoload": {
                "psr-4": {
                    "MathParser\\": "src/MathParser"
                }
            },
            "notification-url": "https://packagist.org/downloads/",
            "license": [
                "LGPL-3.0"
            ],
            "authors": [
                {
                    "name": "Frank Wikström",
                    "email": "frank@mossadal.se",
                    "role": "Developer"
                }
            ],
            "description": "PHP parser for mathematical expressions, including elementary functions, variables and implicit multiplication. Also supports symbolic differentiation.",
            "homepage": "https://github.com/mossadal/math-parser",
            "keywords": [
                "mathematics",
                "parser"
            ],
            "time": "2018-01-04T09:33:36+00:00"
        }
    ],
    "packages-dev": [],
    "aliases": [],
    "minimum-stability": "stable",
    "stability-flags": [],
    "prefer-stable": false,
    "prefer-lowest": false,
    "platform": [],
    "platform-dev": []
}
